Microsoft Visual Studio Solution File, Format Version 12.00
# Visual Studio 2015
Project("{FAE04EC0-301F-11D3-BF4B-00C04F79EFBC}") = "ColourShapes.CSharp", "ColourShapes.CSharp.csproj", "{4B584E1B-7E9A-3DCF-7F29-8179FE1CDA69}"
EndProject
Project("{FAE04EC0-301F-11D3-BF4B-00C04F79EFBC}") = "ColourShapes.CSharp.Editor.Plugins", "ColourShapes.CSharp.Editor.Plugins.csproj", "{933C56C5-A2F3-E30C-F594-F0A3A79BCD7C}"
EndProject
Global
	GlobalSection(SolutionConfigurationPlatforms) = preSolution
		Debug|Any CPU = Debug|Any CPU
		Release|Any CPU = Release|Any CPU
	EndGlobalSection
	GlobalSection(ProjectConfigurationPlatforms) = postSolution
		{4B584E1B-7E9A-3DCF-7F29-8179FE1CDA69}.Debug|Any CPU.ActiveCfg = Debug|Any CPU
		{4B584E1B-7E9A-3DCF-7F29-8179FE1CDA69}.Debug|Any CPU.Build.0 = Debug|Any CPU
		{4B584E1B-7E9A-3DCF-7F29-8179FE1CDA69}.Release|Any CPU.ActiveCfg = Release|Any CPU
		{4B584E1B-7E9A-3DCF-7F29-8179FE1CDA69}.Release|Any CPU.Build.0 = Release|Any CPU
		{933C56C5-A2F3-E30C-F594-F0A3A79BCD7C}.Debug|Any CPU.ActiveCfg = Debug|Any CPU
		{933C56C5-A2F3-E30C-F594-F0A3A79BCD7C}.Debug|Any CPU.Build.0 = Debug|Any CPU
		{933C56C5-A2F3-E30C-F594-F0A3A79BCD7C}.Release|Any CPU.ActiveCfg = Release|Any CPU
		{933C56C5-A2F3-E30C-F594-F0A3A79BCD7C}.Release|Any CPU.Build.0 = Release|Any CPU
	EndGlobalSection
EndGlobal
