Microsoft Visual Studio Solution File, Format Version 11.00
# Visual Studio 2010
Project("{FAE04EC0-301F-11D3-BF4B-00C04F79EFBC}") = "Maze Crawler", "Assembly-CSharp.csproj", "{10230E9F-6917-20AE-1F59-15DD622D3C71}"
EndProject
Project("{FAE04EC0-301F-11D3-BF4B-00C04F79EFBC}") = "Maze Crawler", "Assembly-CSharp-Editor-firstpass.csproj", "{E9BED781-A155-0E12-6178-849DF379B902}"
EndProject
Project("{FAE04EC0-301F-11D3-BF4B-00C04F79EFBC}") = "Maze Crawler", "Assembly-CSharp-Editor.csproj", "{06F748F7-89FF-8CE4-9919-CE0AE8C2D443}"
EndProject
Global
	GlobalSection(SolutionConfigurationPlatforms) = preSolution
		Debug|Any CPU = Debug|Any CPU
		Release|Any CPU = Release|Any CPU
	EndGlobalSection
	GlobalSection(ProjectConfigurationPlatforms) = postSolution
		{10230E9F-6917-20AE-1F59-15DD622D3C71}.Debug|Any CPU.ActiveCfg = Debug|Any CPU
		{10230E9F-6917-20AE-1F59-15DD622D3C71}.Debug|Any CPU.Build.0 = Debug|Any CPU
		{10230E9F-6917-20AE-1F59-15DD622D3C71}.Release|Any CPU.ActiveCfg = Release|Any CPU
		{10230E9F-6917-20AE-1F59-15DD622D3C71}.Release|Any CPU.Build.0 = Release|Any CPU
		{E9BED781-A155-0E12-6178-849DF379B902}.Debug|Any CPU.ActiveCfg = Debug|Any CPU
		{E9BED781-A155-0E12-6178-849DF379B902}.Debug|Any CPU.Build.0 = Debug|Any CPU
		{E9BED781-A155-0E12-6178-849DF379B902}.Release|Any CPU.ActiveCfg = Release|Any CPU
		{E9BED781-A155-0E12-6178-849DF379B902}.Release|Any CPU.Build.0 = Release|Any CPU
		{06F748F7-89FF-8CE4-9919-CE0AE8C2D443}.Debug|Any CPU.ActiveCfg = Debug|Any CPU
		{06F748F7-89FF-8CE4-9919-CE0AE8C2D443}.Debug|Any CPU.Build.0 = Debug|Any CPU
		{06F748F7-89FF-8CE4-9919-CE0AE8C2D443}.Release|Any CPU.ActiveCfg = Release|Any CPU
		{06F748F7-89FF-8CE4-9919-CE0AE8C2D443}.Release|Any CPU.Build.0 = Release|Any CPU
	EndGlobalSection
	GlobalSection(MonoDevelopProperties) = preSolution
		StartupItem = Assembly-CSharp.csproj
	EndGlobalSection
EndGlobal
